
Microsoft Visual Studio Solution File, Format Version 12.00
# Visual Studio 15
VisualStudioVersion = 15.0.27428.2015
MinimumVisualStudioVersion = 10.0.40219.1
Project("{FAE04EC0-301F-11D3-BF4B-00C04F79EFBC}") = "RAWSimO.Core", "RAWSimO.Core\RAWSimO.Core.csproj", "{29343612-CCD6-4E65-9F95-A6A34E7059EB}"
EndProject
Project("{FAE04EC0-301F-11D3-BF4B-00C04F79EFBC}") = "RAWSimO.Playground", "RAWSimO.Playground\RAWSimO.Playground.csproj", "{B9A9FB35-DF88-48FA-A7D6-ECDB53F2A3CB}"
EndProject
Project("{FAE04EC0-301F-11D3-BF4B-00C04F79EFBC}") = "RAWSimO.VisualToolbox", "RAWSimO.VisualToolbox\RAWSimO.VisualToolbox.csproj", "{0DDC585B-0FC8-4EFC-A432-AFDB18FCAA39}"
EndProject
Project("{2150E333-8FDC-42A3-9474-1A3956D46DE8}") = ".nuget", ".nuget", "{5F30129E-0D7E-47FB-A3E0-C7BA5FA8AB1B}"
	ProjectSection(SolutionItems) = preProject
		.nuget\NuGet.Config = .nuget\NuGet.Config
		.nuget\NuGet.exe = .nuget\NuGet.exe
		.nuget\NuGet.targets = .nuget\NuGet.targets
	EndProjectSection
EndProject
Project("{FAE04EC0-301F-11D3-BF4B-00C04F79EFBC}") = "RAWSimO.Visualization", "RAWSimO.Visualization\RAWSimO.Visualization.csproj", "{5A980F0A-53E5-4AD8-BF1B-89A527D215B5}"
EndProject
Project("{FAE04EC0-301F-11D3-BF4B-00C04F79EFBC}") = "RAWSimO.CLI", "RAWSimO.CLI\RAWSimO.CLI.csproj", "{371DB036-AD7E-4DC5-BB46-4D19B98AB466}"
EndProject
Project("{FAE04EC0-301F-11D3-BF4B-00C04F79EFBC}") = "RAWSimO.DataPreparation", "RAWSimO.DataPreparation\RAWSimO.DataPreparation.csproj", "{2F9E816C-FF3D-4EAC-8C8F-A88E0FA15970}"
EndProject
Project("{FAE04EC0-301F-11D3-BF4B-00C04F79EFBC}") = "RAWSimO.MultiAgentPathFinding", "RAWSimO.MultiAgentPathFinding\RAWSimO.MultiAgentPathFinding.csproj", "{7B7953FD-C0ED-4261-B32F-E0D160140546}"
EndProject
Project("{FAE04EC0-301F-11D3-BF4B-00C04F79EFBC}") = "RAWSimO.Toolbox", "RAWSimO.Toolbox\RAWSimO.Toolbox.csproj", "{8E44D50D-E2AA-4DDA-A6FA-F0E57C37206C}"
EndProject
Project("{FAE04EC0-301F-11D3-BF4B-00C04F79EFBC}") = "RAWSimO.CommFramework", "RAWSimO.CommFramework\RAWSimO.CommFramework.csproj", "{0EAB2F11-1C70-4830-BB67-AFE26B067C33}"
EndProject
Project("{FAE04EC0-301F-11D3-BF4B-00C04F79EFBC}") = "RAWSimO.Hardware", "RAWSimO.Hardware\RAWSimO.Hardware.csproj", "{6866F7FD-0DFF-47AA-A9E8-AD2A81E19209}"
EndProject
Project("{FAE04EC0-301F-11D3-BF4B-00C04F79EFBC}") = "RAWSimO.AppServer", "RAWSimO.AppServer\RAWSimO.AppServer.csproj", "{9D6645D0-ADCF-463C-A1E9-C5FCB5835CD9}"
EndProject
Project("{FAE04EC0-301F-11D3-BF4B-00C04F79EFBC}") = "RAWSimO.AppRobot", "RAWSimO.AppRobot\RAWSimO.AppRobot.csproj", "{F3800C6C-98D6-4DB6-82FA-554BD9806616}"
EndProject
Project("{FAE04EC0-301F-11D3-BF4B-00C04F79EFBC}") = "RAWSimO.AppOutputStation", "RAWSimO.AppOutputStation\RAWSimO.AppOutputStation.csproj", "{B5FBE094-C555-4779-A1CB-D6823033B9F4}"
EndProject
Project("{FAE04EC0-301F-11D3-BF4B-00C04F79EFBC}") = "RAWSimO.AppInputStation", "RAWSimO.AppInputStation\RAWSimO.AppInputStation.csproj", "{356B5E65-E2A3-4AD6-A195-3C73E40532CE}"
EndProject
Global
	GlobalSection(SolutionConfigurationPlatforms) = preSolution
		Debug|x64 = Debug|x64
		Debug|x86 = Debug|x86
		Mono|x64 = Mono|x64
		Mono|x86 = Mono|x86
		Release|x64 = Release|x64
		Release|x86 = Release|x86
	EndGlobalSection
	GlobalSection(ProjectConfigurationPlatforms) = postSolution
		{29343612-CCD6-4E65-9F95-A6A34E7059EB}.Debug|x64.ActiveCfg = Debug|x64
		{29343612-CCD6-4E65-9F95-A6A34E7059EB}.Debug|x64.Build.0 = Debug|x64
		{29343612-CCD6-4E65-9F95-A6A34E7059EB}.Debug|x86.ActiveCfg = Debug|x86
		{29343612-CCD6-4E65-9F95-A6A34E7059EB}.Debug|x86.Build.0 = Debug|x86
		{29343612-CCD6-4E65-9F95-A6A34E7059EB}.Mono|x64.ActiveCfg = Mono|x64
		{29343612-CCD6-4E65-9F95-A6A34E7059EB}.Mono|x64.Build.0 = Mono|x64
		{29343612-CCD6-4E65-9F95-A6A34E7059EB}.Mono|x86.ActiveCfg = Mono|x86
		{29343612-CCD6-4E65-9F95-A6A34E7059EB}.Mono|x86.Build.0 = Mono|x86
		{29343612-CCD6-4E65-9F95-A6A34E7059EB}.Release|x64.ActiveCfg = Release|x64
		{29343612-CCD6-4E65-9F95-A6A34E7059EB}.Release|x64.Build.0 = Release|x64
		{29343612-CCD6-4E65-9F95-A6A34E7059EB}.Release|x86.ActiveCfg = Release|x86
		{29343612-CCD6-4E65-9F95-A6A34E7059EB}.Release|x86.Build.0 = Release|x86
		{B9A9FB35-DF88-48FA-A7D6-ECDB53F2A3CB}.Debug|x64.ActiveCfg = Debug|x64
		{B9A9FB35-DF88-48FA-A7D6-ECDB53F2A3CB}.Debug|x64.Build.0 = Debug|x64
		{B9A9FB35-DF88-48FA-A7D6-ECDB53F2A3CB}.Debug|x86.ActiveCfg = Debug|x86
		{B9A9FB35-DF88-48FA-A7D6-ECDB53F2A3CB}.Debug|x86.Build.0 = Debug|x86
		{B9A9FB35-DF88-48FA-A7D6-ECDB53F2A3CB}.Mono|x64.ActiveCfg = Mono|x64
		{B9A9FB35-DF88-48FA-A7D6-ECDB53F2A3CB}.Mono|x64.Build.0 = Mono|x64
		{B9A9FB35-DF88-48FA-A7D6-ECDB53F2A3CB}.Mono|x86.ActiveCfg = Mono|x86
		{B9A9FB35-DF88-48FA-A7D6-ECDB53F2A3CB}.Mono|x86.Build.0 = Mono|x86
		{B9A9FB35-DF88-48FA-A7D6-ECDB53F2A3CB}.Release|x64.ActiveCfg = Release|x64
		{B9A9FB35-DF88-48FA-A7D6-ECDB53F2A3CB}.Release|x64.Build.0 = Release|x64
		{B9A9FB35-DF88-48FA-A7D6-ECDB53F2A3CB}.Release|x86.ActiveCfg = Release|x86
		{B9A9FB35-DF88-48FA-A7D6-ECDB53F2A3CB}.Release|x86.Build.0 = Release|x86
		{0DDC585B-0FC8-4EFC-A432-AFDB18FCAA39}.Debug|x64.ActiveCfg = Debug|x64
		{0DDC585B-0FC8-4EFC-A432-AFDB18FCAA39}.Debug|x64.Build.0 = Debug|x64
		{0DDC585B-0FC8-4EFC-A432-AFDB18FCAA39}.Debug|x86.ActiveCfg = Debug|x86
		{0DDC585B-0FC8-4EFC-A432-AFDB18FCAA39}.Debug|x86.Build.0 = Debug|x86
		{0DDC585B-0FC8-4EFC-A432-AFDB18FCAA39}.Mono|x64.ActiveCfg = Mono|x64
		{0DDC585B-0FC8-4EFC-A432-AFDB18FCAA39}.Mono|x86.ActiveCfg = Mono|x86
		{0DDC585B-0FC8-4EFC-A432-AFDB18FCAA39}.Release|x64.ActiveCfg = Release|x64
		{0DDC585B-0FC8-4EFC-A432-AFDB18FCAA39}.Release|x64.Build.0 = Release|x64
		{0DDC585B-0FC8-4EFC-A432-AFDB18FCAA39}.Release|x86.ActiveCfg = Release|x86
		{0DDC585B-0FC8-4EFC-A432-AFDB18FCAA39}.Release|x86.Build.0 = Release|x86
		{5A980F0A-53E5-4AD8-BF1B-89A527D215B5}.Debug|x64.ActiveCfg = Debug|x64
		{5A980F0A-53E5-4AD8-BF1B-89A527D215B5}.Debug|x64.Build.0 = Debug|x64
		{5A980F0A-53E5-4AD8-BF1B-89A527D215B5}.Debug|x86.ActiveCfg = Debug|x86
		{5A980F0A-53E5-4AD8-BF1B-89A527D215B5}.Debug|x86.Build.0 = Debug|x86
		{5A980F0A-53E5-4AD8-BF1B-89A527D215B5}.Mono|x64.ActiveCfg = Mono|x64
		{5A980F0A-53E5-4AD8-BF1B-89A527D215B5}.Mono|x86.ActiveCfg = Mono|x86
		{5A980F0A-53E5-4AD8-BF1B-89A527D215B5}.Release|x64.ActiveCfg = Release|x64
		{5A980F0A-53E5-4AD8-BF1B-89A527D215B5}.Release|x64.Build.0 = Release|x64
		{5A980F0A-53E5-4AD8-BF1B-89A527D215B5}.Release|x86.ActiveCfg = Release|x86
		{5A980F0A-53E5-4AD8-BF1B-89A527D215B5}.Release|x86.Build.0 = Release|x86
		{371DB036-AD7E-4DC5-BB46-4D19B98AB466}.Debug|x64.ActiveCfg = Debug|x64
		{371DB036-AD7E-4DC5-BB46-4D19B98AB466}.Debug|x64.Build.0 = Debug|x64
		{371DB036-AD7E-4DC5-BB46-4D19B98AB466}.Debug|x86.ActiveCfg = Debug|x86
		{371DB036-AD7E-4DC5-BB46-4D19B98AB466}.Debug|x86.Build.0 = Debug|x86
		{371DB036-AD7E-4DC5-BB46-4D19B98AB466}.Mono|x64.ActiveCfg = Mono|x64
		{371DB036-AD7E-4DC5-BB46-4D19B98AB466}.Mono|x64.Build.0 = Mono|x64
		{371DB036-AD7E-4DC5-BB46-4D19B98AB466}.Mono|x86.ActiveCfg = Mono|x86
		{371DB036-AD7E-4DC5-BB46-4D19B98AB466}.Mono|x86.Build.0 = Mono|x86
		{371DB036-AD7E-4DC5-BB46-4D19B98AB466}.Release|x64.ActiveCfg = Release|x64
		{371DB036-AD7E-4DC5-BB46-4D19B98AB466}.Release|x64.Build.0 = Release|x64
		{371DB036-AD7E-4DC5-BB46-4D19B98AB466}.Release|x86.ActiveCfg = Release|x86
		{371DB036-AD7E-4DC5-BB46-4D19B98AB466}.Release|x86.Build.0 = Release|x86
		{2F9E816C-FF3D-4EAC-8C8F-A88E0FA15970}.Debug|x64.ActiveCfg = Debug|x64
		{2F9E816C-FF3D-4EAC-8C8F-A88E0FA15970}.Debug|x64.Build.0 = Debug|x64
		{2F9E816C-FF3D-4EAC-8C8F-A88E0FA15970}.Debug|x86.ActiveCfg = Debug|x86
		{2F9E816C-FF3D-4EAC-8C8F-A88E0FA15970}.Debug|x86.Build.0 = Debug|x86
		{2F9E816C-FF3D-4EAC-8C8F-A88E0FA15970}.Mono|x64.ActiveCfg = Mono|x64
		{2F9E816C-FF3D-4EAC-8C8F-A88E0FA15970}.Mono|x64.Build.0 = Mono|x64
		{2F9E816C-FF3D-4EAC-8C8F-A88E0FA15970}.Mono|x86.ActiveCfg = Mono|x86
		{2F9E816C-FF3D-4EAC-8C8F-A88E0FA15970}.Mono|x86.Build.0 = Mono|x86
		{2F9E816C-FF3D-4EAC-8C8F-A88E0FA15970}.Release|x64.ActiveCfg = Release|x64
		{2F9E816C-FF3D-4EAC-8C8F-A88E0FA15970}.Release|x64.Build.0 = Release|x64
		{2F9E816C-FF3D-4EAC-8C8F-A88E0FA15970}.Release|x86.ActiveCfg = Release|x86
		{2F9E816C-FF3D-4EAC-8C8F-A88E0FA15970}.Release|x86.Build.0 = Release|x86
		{7B7953FD-C0ED-4261-B32F-E0D160140546}.Debug|x64.ActiveCfg = Debug|x64
		{7B7953FD-C0ED-4261-B32F-E0D160140546}.Debug|x64.Build.0 = Debug|x64
		{7B7953FD-C0ED-4261-B32F-E0D160140546}.Debug|x86.ActiveCfg = Debug|x86
		{7B7953FD-C0ED-4261-B32F-E0D160140546}.Debug|x86.Build.0 = Debug|x86
		{7B7953FD-C0ED-4261-B32F-E0D160140546}.Mono|x64.ActiveCfg = Mono|x64
		{7B7953FD-C0ED-4261-B32F-E0D160140546}.Mono|x64.Build.0 = Mono|x64
		{7B7953FD-C0ED-4261-B32F-E0D160140546}.Mono|x86.ActiveCfg = Mono|x86
		{7B7953FD-C0ED-4261-B32F-E0D160140546}.Mono|x86.Build.0 = Mono|x86
		{7B7953FD-C0ED-4261-B32F-E0D160140546}.Release|x64.ActiveCfg = Release|x64
		{7B7953FD-C0ED-4261-B32F-E0D160140546}.Release|x64.Build.0 = Release|x64
		{7B7953FD-C0ED-4261-B32F-E0D160140546}.Release|x86.ActiveCfg = Release|x86
		{7B7953FD-C0ED-4261-B32F-E0D160140546}.Release|x86.Build.0 = Release|x86
		{8E44D50D-E2AA-4DDA-A6FA-F0E57C37206C}.Debug|x64.ActiveCfg = Debug|x64
		{8E44D50D-E2AA-4DDA-A6FA-F0E57C37206C}.Debug|x64.Build.0 = Debug|x64
		{8E44D50D-E2AA-4DDA-A6FA-F0E57C37206C}.Debug|x86.ActiveCfg = Debug|x86
		{8E44D50D-E2AA-4DDA-A6FA-F0E57C37206C}.Debug|x86.Build.0 = Debug|x86
		{8E44D50D-E2AA-4DDA-A6FA-F0E57C37206C}.Mono|x64.ActiveCfg = Mono|x64
		{8E44D50D-E2AA-4DDA-A6FA-F0E57C37206C}.Mono|x64.Build.0 = Mono|x64
		{8E44D50D-E2AA-4DDA-A6FA-F0E57C37206C}.Mono|x86.ActiveCfg = Mono|x86
		{8E44D50D-E2AA-4DDA-A6FA-F0E57C37206C}.Mono|x86.Build.0 = Mono|x86
		{8E44D50D-E2AA-4DDA-A6FA-F0E57C37206C}.Release|x64.ActiveCfg = Release|x64
		{8E44D50D-E2AA-4DDA-A6FA-F0E57C37206C}.Release|x64.Build.0 = Release|x64
		{8E44D50D-E2AA-4DDA-A6FA-F0E57C37206C}.Release|x86.ActiveCfg = Release|x86
		{8E44D50D-E2AA-4DDA-A6FA-F0E57C37206C}.Release|x86.Build.0 = Release|x86
		{0EAB2F11-1C70-4830-BB67-AFE26B067C33}.Debug|x64.ActiveCfg = Debug|x64
		{0EAB2F11-1C70-4830-BB67-AFE26B067C33}.Debug|x64.Build.0 = Debug|x64
		{0EAB2F11-1C70-4830-BB67-AFE26B067C33}.Debug|x86.ActiveCfg = Debug|x86
		{0EAB2F11-1C70-4830-BB67-AFE26B067C33}.Debug|x86.Build.0 = Debug|x86
		{0EAB2F11-1C70-4830-BB67-AFE26B067C33}.Mono|x64.ActiveCfg = Mono|x64
		{0EAB2F11-1C70-4830-BB67-AFE26B067C33}.Mono|x86.ActiveCfg = Mono|x86
		{0EAB2F11-1C70-4830-BB67-AFE26B067C33}.Release|x64.ActiveCfg = Release|x64
		{0EAB2F11-1C70-4830-BB67-AFE26B067C33}.Release|x64.Build.0 = Release|x64
		{0EAB2F11-1C70-4830-BB67-AFE26B067C33}.Release|x86.ActiveCfg = Release|x86
		{0EAB2F11-1C70-4830-BB67-AFE26B067C33}.Release|x86.Build.0 = Release|x86
		{6866F7FD-0DFF-47AA-A9E8-AD2A81E19209}.Debug|x64.ActiveCfg = Debug|x64
		{6866F7FD-0DFF-47AA-A9E8-AD2A81E19209}.Debug|x64.Build.0 = Debug|x64
		{6866F7FD-0DFF-47AA-A9E8-AD2A81E19209}.Debug|x86.ActiveCfg = Debug|x86
		{6866F7FD-0DFF-47AA-A9E8-AD2A81E19209}.Debug|x86.Build.0 = Debug|x86
		{6866F7FD-0DFF-47AA-A9E8-AD2A81E19209}.Mono|x64.ActiveCfg = Mono|x64
		{6866F7FD-0DFF-47AA-A9E8-AD2A81E19209}.Mono|x86.ActiveCfg = Mono|x86
		{6866F7FD-0DFF-47AA-A9E8-AD2A81E19209}.Release|x64.ActiveCfg = Release|x64
		{6866F7FD-0DFF-47AA-A9E8-AD2A81E19209}.Release|x64.Build.0 = Release|x64
		{6866F7FD-0DFF-47AA-A9E8-AD2A81E19209}.Release|x86.ActiveCfg = Release|x86
		{6866F7FD-0DFF-47AA-A9E8-AD2A81E19209}.Release|x86.Build.0 = Release|x86
		{9D6645D0-ADCF-463C-A1E9-C5FCB5835CD9}.Debug|x64.ActiveCfg = Debug|x64
		{9D6645D0-ADCF-463C-A1E9-C5FCB5835CD9}.Debug|x64.Build.0 = Debug|x64
		{9D6645D0-ADCF-463C-A1E9-C5FCB5835CD9}.Debug|x86.ActiveCfg = Debug|x86
		{9D6645D0-ADCF-463C-A1E9-C5FCB5835CD9}.Debug|x86.Build.0 = Debug|x86
		{9D6645D0-ADCF-463C-A1E9-C5FCB5835CD9}.Mono|x64.ActiveCfg = Mono|x64
		{9D6645D0-ADCF-463C-A1E9-C5FCB5835CD9}.Mono|x86.ActiveCfg = Mono|x86
		{9D6645D0-ADCF-463C-A1E9-C5FCB5835CD9}.Release|x64.ActiveCfg = Release|x64
		{9D6645D0-ADCF-463C-A1E9-C5FCB5835CD9}.Release|x64.Build.0 = Release|x64
		{9D6645D0-ADCF-463C-A1E9-C5FCB5835CD9}.Release|x86.ActiveCfg = Release|x86
		{9D6645D0-ADCF-463C-A1E9-C5FCB5835CD9}.Release|x86.Build.0 = Release|x86
		{F3800C6C-98D6-4DB6-82FA-554BD9806616}.Debug|x64.ActiveCfg = Debug|x64
		{F3800C6C-98D6-4DB6-82FA-554BD9806616}.Debug|x64.Build.0 = Debug|x64
		{F3800C6C-98D6-4DB6-82FA-554BD9806616}.Debug|x86.ActiveCfg = Debug|x86
		{F3800C6C-98D6-4DB6-82FA-554BD9806616}.Debug|x86.Build.0 = Debug|x86
		{F3800C6C-98D6-4DB6-82FA-554BD9806616}.Mono|x64.ActiveCfg = Mono|x64
		{F3800C6C-98D6-4DB6-82FA-554BD9806616}.Mono|x86.ActiveCfg = Mono|x86
		{F3800C6C-98D6-4DB6-82FA-554BD9806616}.Release|x64.ActiveCfg = Release|x64
		{F3800C6C-98D6-4DB6-82FA-554BD9806616}.Release|x64.Build.0 = Release|x64
		{F3800C6C-98D6-4DB6-82FA-554BD9806616}.Release|x86.ActiveCfg = Release|x86
		{F3800C6C-98D6-4DB6-82FA-554BD9806616}.Release|x86.Build.0 = Release|x86
		{B5FBE094-C555-4779-A1CB-D6823033B9F4}.Debug|x64.ActiveCfg = Debug|x64
		{B5FBE094-C555-4779-A1CB-D6823033B9F4}.Debug|x64.Build.0 = Debug|x64
		{B5FBE094-C555-4779-A1CB-D6823033B9F4}.Debug|x86.ActiveCfg = Debug|x86
		{B5FBE094-C555-4779-A1CB-D6823033B9F4}.Debug|x86.Build.0 = Debug|x86
		{B5FBE094-C555-4779-A1CB-D6823033B9F4}.Mono|x64.ActiveCfg = Mono|x64
		{B5FBE094-C555-4779-A1CB-D6823033B9F4}.Mono|x86.ActiveCfg = Mono|x86
		{B5FBE094-C555-4779-A1CB-D6823033B9F4}.Release|x64.ActiveCfg = Release|x64
		{B5FBE094-C555-4779-A1CB-D6823033B9F4}.Release|x64.Build.0 = Release|x64
		{B5FBE094-C555-4779-A1CB-D6823033B9F4}.Release|x86.ActiveCfg = Release|x86
		{B5FBE094-C555-4779-A1CB-D6823033B9F4}.Release|x86.Build.0 = Release|x86
		{356B5E65-E2A3-4AD6-A195-3C73E40532CE}.Debug|x64.ActiveCfg = Debug|x64
		{356B5E65-E2A3-4AD6-A195-3C73E40532CE}.Debug|x64.Build.0 = Debug|x64
		{356B5E65-E2A3-4AD6-A195-3C73E40532CE}.Debug|x86.ActiveCfg = Debug|x86
		{356B5E65-E2A3-4AD6-A195-3C73E40532CE}.Debug|x86.Build.0 = Debug|x86
		{356B5E65-E2A3-4AD6-A195-3C73E40532CE}.Mono|x64.ActiveCfg = Mono|x64
		{356B5E65-E2A3-4AD6-A195-3C73E40532CE}.Mono|x86.ActiveCfg = Mono|x86
		{356B5E65-E2A3-4AD6-A195-3C73E40532CE}.Release|x64.ActiveCfg = Release|x64
		{356B5E65-E2A3-4AD6-A195-3C73E40532CE}.Release|x64.Build.0 = Release|x64
		{356B5E65-E2A3-4AD6-A195-3C73E40532CE}.Release|x86.ActiveCfg = Release|x86
		{356B5E65-E2A3-4AD6-A195-3C73E40532CE}.Release|x86.Build.0 = Release|x86
	EndGlobalSection
	GlobalSection(SolutionProperties) = preSolution
		HideSolutionNode = FALSE
	EndGlobalSection
	GlobalSection(ExtensibilityGlobals) = postSolution
		SolutionGuid = {C929FC6D-DE54-4974-BFEF-66CF7664D1FF}
	EndGlobalSection
EndGlobal
