
Microsoft Visual Studio Solution File, Format Version 12.00
# Visual Studio Version 16
VisualStudioVersion = 16.0.32002.261
MinimumVisualStudioVersion = 10.0.40219.1
Project("{9A19103F-16F7-4668-BE54-9A1E7A4F7556}") = "RAWSimO.Core", "RAWSimO.Core\RAWSimO.Core.csproj", "{A342BBD0-5234-44DE-839A-4E921D06AAC9}"
EndProject
Project("{9A19103F-16F7-4668-BE54-9A1E7A4F7556}") = "RAWSimO.DataPreparation", "RAWSimO.DataPreparation\RAWSimO.DataPreparation.csproj", "{90D0F240-0011-4648-AD4A-E3CD03699F9A}"
EndProject
Project("{9A19103F-16F7-4668-BE54-9A1E7A4F7556}") = "RAWSimO.Hardware", "RAWSimO.Hardware\RAWSimO.Hardware.csproj", "{C95EB748-2ADD-4538-8E67-884F37F0B3C8}"
EndProject
Project("{9A19103F-16F7-4668-BE54-9A1E7A4F7556}") = "RAWSimO.DEA", "RAWSimO.DEA\RAWSimO.DEA.csproj", "{A555C04C-F2DF-497D-B99B-38999FEB7DB9}"
EndProject
Project("{9A19103F-16F7-4668-BE54-9A1E7A4F7556}") = "RAWSimO.MDPSolve", "RAWSimO.MDPSolve\RAWSimO.MDPSolve.csproj", "{CA11CA2E-4DB4-4784-9EBA-C833B8D15677}"
EndProject
Project("{9A19103F-16F7-4668-BE54-9A1E7A4F7556}") = "RAWSimO.MultiAgentPathFinding", "RAWSimO.MultiAgentPathFinding\RAWSimO.MultiAgentPathFinding.csproj", "{574F660F-52BE-49CB-A54F-7DB900557ADB}"
EndProject
Project("{9A19103F-16F7-4668-BE54-9A1E7A4F7556}") = "RAWSimO.Playground", "RAWSimO.Playground\RAWSimO.Playground.csproj", "{136DA0D4-06A8-4EBB-829E-969430663BC2}"
EndProject
Project("{9A19103F-16F7-4668-BE54-9A1E7A4F7556}") = "RAWSimO.Toolbox", "RAWSimO.Toolbox\RAWSimO.Toolbox.csproj", "{8F086D1C-85B3-4C7F-B753-05BF7C7B5082}"
EndProject
Project("{9A19103F-16F7-4668-BE54-9A1E7A4F7556}") = "RAWSimO.Visualization", "RAWSimO.Visualization\RAWSimO.Visualization.csproj", "{7691043A-2DC7-489C-9BE3-C9B3D6D9953F}"
EndProject
Project("{9A19103F-16F7-4668-BE54-9A1E7A4F7556}") = "RAWSimO.VisualToolbox", "RAWSimO.VisualToolbox\RAWSimO.VisualToolbox.csproj", "{A62519D1-E5D9-4909-AF45-8A7239E436A5}"
EndProject
Project("{9A19103F-16F7-4668-BE54-9A1E7A4F7556}") = "RAWSimO.AppInputStation", "RAWSimO.AppInputStation\RAWSimO.AppInputStation.csproj", "{DA146F47-ED48-49FF-84C3-029A9B9F1AE3}"
EndProject
Project("{9A19103F-16F7-4668-BE54-9A1E7A4F7556}") = "RAWSimO.AppOutputStation", "RAWSimO.AppOutputStation\RAWSimO.AppOutputStation.csproj", "{A42E2C90-51C9-4AEC-81E5-8141E9C2D517}"
EndProject
Project("{9A19103F-16F7-4668-BE54-9A1E7A4F7556}") = "RAWSimO.AppRobot", "RAWSimO.AppRobot\RAWSimO.AppRobot.csproj", "{C2BAC364-0620-4E60-9A2B-1321FF9B25A5}"
EndProject
Project("{9A19103F-16F7-4668-BE54-9A1E7A4F7556}") = "RAWSimO.AppServer", "RAWSimO.AppServer\RAWSimO.AppServer.csproj", "{E8ADC220-46FA-49DF-9437-B8EFCC0AE5E1}"
EndProject
Project("{9A19103F-16F7-4668-BE54-9A1E7A4F7556}") = "RAWSimO.CLI", "RAWSimO.CLI\RAWSimO.CLI.csproj", "{C52268BC-8E37-4824-A57C-482B0027D2D9}"
EndProject
Project("{9A19103F-16F7-4668-BE54-9A1E7A4F7556}") = "RAWSimO.CommFramework", "RAWSimO.CommFramework\RAWSimO.CommFramework.csproj", "{FD5B4B8D-1828-4A06-AD92-384D5426947C}"
EndProject
Project("{2150E333-8FDC-42A3-9474-1A3956D46DE8}") = "Tests", "Tests", "{B486B06E-1B60-4572-B25A-107E4AAF3147}"
EndProject
Project("{9A19103F-16F7-4668-BE54-9A1E7A4F7556}") = "RAWSimO.Core.Tests", "Tests\RAWSimO.Core.Tests\RAWSimO.Core.Tests.csproj", "{D78CCAD4-9849-4BF5-AA49-7071B7CD6204}"
EndProject
Global
	GlobalSection(SolutionConfigurationPlatforms) = preSolution
		Debug|Any CPU = Debug|Any CPU
		Release|Any CPU = Release|Any CPU
		XPlat|Any CPU = XPlat|Any CPU
		XPlatRelease|Any CPU = XPlatRelease|Any CPU
	EndGlobalSection
	GlobalSection(ProjectConfigurationPlatforms) = postSolution
		{A342BBD0-5234-44DE-839A-4E921D06AAC9}.Debug|Any CPU.ActiveCfg = Debug|Any CPU
		{A342BBD0-5234-44DE-839A-4E921D06AAC9}.Debug|Any CPU.Build.0 = Debug|Any CPU
		{A342BBD0-5234-44DE-839A-4E921D06AAC9}.Release|Any CPU.ActiveCfg = Release|Any CPU
		{A342BBD0-5234-44DE-839A-4E921D06AAC9}.Release|Any CPU.Build.0 = Release|Any CPU
		{A342BBD0-5234-44DE-839A-4E921D06AAC9}.XPlat|Any CPU.ActiveCfg = XPlat|Any CPU
		{A342BBD0-5234-44DE-839A-4E921D06AAC9}.XPlat|Any CPU.Build.0 = XPlat|Any CPU
		{A342BBD0-5234-44DE-839A-4E921D06AAC9}.XPlatRelease|Any CPU.ActiveCfg = XPlatRelease|Any CPU
		{A342BBD0-5234-44DE-839A-4E921D06AAC9}.XPlatRelease|Any CPU.Build.0 = XPlatRelease|Any CPU
		{90D0F240-0011-4648-AD4A-E3CD03699F9A}.Debug|Any CPU.ActiveCfg = Debug|Any CPU
		{90D0F240-0011-4648-AD4A-E3CD03699F9A}.Debug|Any CPU.Build.0 = Debug|Any CPU
		{90D0F240-0011-4648-AD4A-E3CD03699F9A}.Release|Any CPU.ActiveCfg = Release|Any CPU
		{90D0F240-0011-4648-AD4A-E3CD03699F9A}.Release|Any CPU.Build.0 = Release|Any CPU
		{90D0F240-0011-4648-AD4A-E3CD03699F9A}.XPlat|Any CPU.ActiveCfg = XPlat|Any CPU
		{90D0F240-0011-4648-AD4A-E3CD03699F9A}.XPlat|Any CPU.Build.0 = XPlat|Any CPU
		{90D0F240-0011-4648-AD4A-E3CD03699F9A}.XPlatRelease|Any CPU.ActiveCfg = XPlatRelease|Any CPU
		{90D0F240-0011-4648-AD4A-E3CD03699F9A}.XPlatRelease|Any CPU.Build.0 = XPlatRelease|Any CPU
		{C95EB748-2ADD-4538-8E67-884F37F0B3C8}.Debug|Any CPU.ActiveCfg = Debug|Any CPU
		{C95EB748-2ADD-4538-8E67-884F37F0B3C8}.Debug|Any CPU.Build.0 = Debug|Any CPU
		{C95EB748-2ADD-4538-8E67-884F37F0B3C8}.Release|Any CPU.ActiveCfg = Release|Any CPU
		{C95EB748-2ADD-4538-8E67-884F37F0B3C8}.Release|Any CPU.Build.0 = Release|Any CPU
		{C95EB748-2ADD-4538-8E67-884F37F0B3C8}.XPlat|Any CPU.ActiveCfg = XPlat|Any CPU
		{C95EB748-2ADD-4538-8E67-884F37F0B3C8}.XPlatRelease|Any CPU.ActiveCfg = XPlatRelease|Any CPU
		{A555C04C-F2DF-497D-B99B-38999FEB7DB9}.Debug|Any CPU.ActiveCfg = Debug|Any CPU
		{A555C04C-F2DF-497D-B99B-38999FEB7DB9}.Debug|Any CPU.Build.0 = Debug|Any CPU
		{A555C04C-F2DF-497D-B99B-38999FEB7DB9}.Release|Any CPU.ActiveCfg = Release|Any CPU
		{A555C04C-F2DF-497D-B99B-38999FEB7DB9}.Release|Any CPU.Build.0 = Release|Any CPU
		{A555C04C-F2DF-497D-B99B-38999FEB7DB9}.XPlat|Any CPU.ActiveCfg = XPlat|Any CPU
		{A555C04C-F2DF-497D-B99B-38999FEB7DB9}.XPlat|Any CPU.Build.0 = XPlat|Any CPU
		{A555C04C-F2DF-497D-B99B-38999FEB7DB9}.XPlatRelease|Any CPU.ActiveCfg = XPlatRelease|Any CPU
		{A555C04C-F2DF-497D-B99B-38999FEB7DB9}.XPlatRelease|Any CPU.Build.0 = XPlatRelease|Any CPU
		{CA11CA2E-4DB4-4784-9EBA-C833B8D15677}.Debug|Any CPU.ActiveCfg = Debug|Any CPU
		{CA11CA2E-4DB4-4784-9EBA-C833B8D15677}.Debug|Any CPU.Build.0 = Debug|Any CPU
		{CA11CA2E-4DB4-4784-9EBA-C833B8D15677}.Release|Any CPU.ActiveCfg = Release|Any CPU
		{CA11CA2E-4DB4-4784-9EBA-C833B8D15677}.Release|Any CPU.Build.0 = Release|Any CPU
		{CA11CA2E-4DB4-4784-9EBA-C833B8D15677}.XPlat|Any CPU.ActiveCfg = XPlat|Any CPU
		{CA11CA2E-4DB4-4784-9EBA-C833B8D15677}.XPlat|Any CPU.Build.0 = XPlat|Any CPU
		{CA11CA2E-4DB4-4784-9EBA-C833B8D15677}.XPlatRelease|Any CPU.ActiveCfg = XPlatRelease|Any CPU
		{CA11CA2E-4DB4-4784-9EBA-C833B8D15677}.XPlatRelease|Any CPU.Build.0 = XPlatRelease|Any CPU
		{574F660F-52BE-49CB-A54F-7DB900557ADB}.Debug|Any CPU.ActiveCfg = Debug|Any CPU
		{574F660F-52BE-49CB-A54F-7DB900557ADB}.Debug|Any CPU.Build.0 = Debug|Any CPU
		{574F660F-52BE-49CB-A54F-7DB900557ADB}.Release|Any CPU.ActiveCfg = Release|Any CPU
		{574F660F-52BE-49CB-A54F-7DB900557ADB}.Release|Any CPU.Build.0 = Release|Any CPU
		{574F660F-52BE-49CB-A54F-7DB900557ADB}.XPlat|Any CPU.ActiveCfg = XPlat|Any CPU
		{574F660F-52BE-49CB-A54F-7DB900557ADB}.XPlat|Any CPU.Build.0 = XPlat|Any CPU
		{574F660F-52BE-49CB-A54F-7DB900557ADB}.XPlatRelease|Any CPU.ActiveCfg = XPlatRelease|Any CPU
		{574F660F-52BE-49CB-A54F-7DB900557ADB}.XPlatRelease|Any CPU.Build.0 = XPlatRelease|Any CPU
		{136DA0D4-06A8-4EBB-829E-969430663BC2}.Debug|Any CPU.ActiveCfg = Debug|Any CPU
		{136DA0D4-06A8-4EBB-829E-969430663BC2}.Debug|Any CPU.Build.0 = Debug|Any CPU
		{136DA0D4-06A8-4EBB-829E-969430663BC2}.Release|Any CPU.ActiveCfg = Release|Any CPU
		{136DA0D4-06A8-4EBB-829E-969430663BC2}.Release|Any CPU.Build.0 = Release|Any CPU
		{136DA0D4-06A8-4EBB-829E-969430663BC2}.XPlat|Any CPU.ActiveCfg = XPlat|Any CPU
		{136DA0D4-06A8-4EBB-829E-969430663BC2}.XPlat|Any CPU.Build.0 = XPlat|Any CPU
		{136DA0D4-06A8-4EBB-829E-969430663BC2}.XPlatRelease|Any CPU.ActiveCfg = XPlatRelease|Any CPU
		{136DA0D4-06A8-4EBB-829E-969430663BC2}.XPlatRelease|Any CPU.Build.0 = XPlatRelease|Any CPU
		{8F086D1C-85B3-4C7F-B753-05BF7C7B5082}.Debug|Any CPU.ActiveCfg = Debug|Any CPU
		{8F086D1C-85B3-4C7F-B753-05BF7C7B5082}.Debug|Any CPU.Build.0 = Debug|Any CPU
		{8F086D1C-85B3-4C7F-B753-05BF7C7B5082}.Release|Any CPU.ActiveCfg = Release|Any CPU
		{8F086D1C-85B3-4C7F-B753-05BF7C7B5082}.Release|Any CPU.Build.0 = Release|Any CPU
		{8F086D1C-85B3-4C7F-B753-05BF7C7B5082}.XPlat|Any CPU.ActiveCfg = XPlat|Any CPU
		{8F086D1C-85B3-4C7F-B753-05BF7C7B5082}.XPlat|Any CPU.Build.0 = XPlat|Any CPU
		{8F086D1C-85B3-4C7F-B753-05BF7C7B5082}.XPlatRelease|Any CPU.ActiveCfg = XPlatRelease|Any CPU
		{8F086D1C-85B3-4C7F-B753-05BF7C7B5082}.XPlatRelease|Any CPU.Build.0 = XPlatRelease|Any CPU
		{7691043A-2DC7-489C-9BE3-C9B3D6D9953F}.Debug|Any CPU.ActiveCfg = Debug|Any CPU
		{7691043A-2DC7-489C-9BE3-C9B3D6D9953F}.Debug|Any CPU.Build.0 = Debug|Any CPU
		{7691043A-2DC7-489C-9BE3-C9B3D6D9953F}.Release|Any CPU.ActiveCfg = Release|Any CPU
		{7691043A-2DC7-489C-9BE3-C9B3D6D9953F}.Release|Any CPU.Build.0 = Release|Any CPU
		{7691043A-2DC7-489C-9BE3-C9B3D6D9953F}.XPlat|Any CPU.ActiveCfg = XPlat|Any CPU
		{7691043A-2DC7-489C-9BE3-C9B3D6D9953F}.XPlatRelease|Any CPU.ActiveCfg = XPlatRelease|Any CPU
		{A62519D1-E5D9-4909-AF45-8A7239E436A5}.Debug|Any CPU.ActiveCfg = Debug|Any CPU
		{A62519D1-E5D9-4909-AF45-8A7239E436A5}.Debug|Any CPU.Build.0 = Debug|Any CPU
		{A62519D1-E5D9-4909-AF45-8A7239E436A5}.Release|Any CPU.ActiveCfg = Release|Any CPU
		{A62519D1-E5D9-4909-AF45-8A7239E436A5}.Release|Any CPU.Build.0 = Release|Any CPU
		{A62519D1-E5D9-4909-AF45-8A7239E436A5}.XPlat|Any CPU.ActiveCfg = XPlat|Any CPU
		{A62519D1-E5D9-4909-AF45-8A7239E436A5}.XPlatRelease|Any CPU.ActiveCfg = XPlatRelease|Any CPU
		{DA146F47-ED48-49FF-84C3-029A9B9F1AE3}.Debug|Any CPU.ActiveCfg = Debug|Any CPU
		{DA146F47-ED48-49FF-84C3-029A9B9F1AE3}.Debug|Any CPU.Build.0 = Debug|Any CPU
		{DA146F47-ED48-49FF-84C3-029A9B9F1AE3}.Release|Any CPU.ActiveCfg = Release|Any CPU
		{DA146F47-ED48-49FF-84C3-029A9B9F1AE3}.Release|Any CPU.Build.0 = Release|Any CPU
		{DA146F47-ED48-49FF-84C3-029A9B9F1AE3}.XPlat|Any CPU.ActiveCfg = XPlat|Any CPU
		{DA146F47-ED48-49FF-84C3-029A9B9F1AE3}.XPlatRelease|Any CPU.ActiveCfg = XPlatRelease|Any CPU
		{A42E2C90-51C9-4AEC-81E5-8141E9C2D517}.Debug|Any CPU.ActiveCfg = Debug|Any CPU
		{A42E2C90-51C9-4AEC-81E5-8141E9C2D517}.Debug|Any CPU.Build.0 = Debug|Any CPU
		{A42E2C90-51C9-4AEC-81E5-8141E9C2D517}.Release|Any CPU.ActiveCfg = Release|Any CPU
		{A42E2C90-51C9-4AEC-81E5-8141E9C2D517}.Release|Any CPU.Build.0 = Release|Any CPU
		{A42E2C90-51C9-4AEC-81E5-8141E9C2D517}.XPlat|Any CPU.ActiveCfg = XPlat|Any CPU
		{A42E2C90-51C9-4AEC-81E5-8141E9C2D517}.XPlatRelease|Any CPU.ActiveCfg = XPlatRelease|Any CPU
		{C2BAC364-0620-4E60-9A2B-1321FF9B25A5}.Debug|Any CPU.ActiveCfg = Debug|Any CPU
		{C2BAC364-0620-4E60-9A2B-1321FF9B25A5}.Debug|Any CPU.Build.0 = Debug|Any CPU
		{C2BAC364-0620-4E60-9A2B-1321FF9B25A5}.Release|Any CPU.ActiveCfg = Release|Any CPU
		{C2BAC364-0620-4E60-9A2B-1321FF9B25A5}.Release|Any CPU.Build.0 = Release|Any CPU
		{C2BAC364-0620-4E60-9A2B-1321FF9B25A5}.XPlat|Any CPU.ActiveCfg = XPlat|Any CPU
		{C2BAC364-0620-4E60-9A2B-1321FF9B25A5}.XPlatRelease|Any CPU.ActiveCfg = XPlatRelease|Any CPU
		{E8ADC220-46FA-49DF-9437-B8EFCC0AE5E1}.Debug|Any CPU.ActiveCfg = Debug|Any CPU
		{E8ADC220-46FA-49DF-9437-B8EFCC0AE5E1}.Debug|Any CPU.Build.0 = Debug|Any CPU
		{E8ADC220-46FA-49DF-9437-B8EFCC0AE5E1}.Release|Any CPU.ActiveCfg = Release|Any CPU
		{E8ADC220-46FA-49DF-9437-B8EFCC0AE5E1}.Release|Any CPU.Build.0 = Release|Any CPU
		{E8ADC220-46FA-49DF-9437-B8EFCC0AE5E1}.XPlat|Any CPU.ActiveCfg = XPlat|Any CPU
		{E8ADC220-46FA-49DF-9437-B8EFCC0AE5E1}.XPlatRelease|Any CPU.ActiveCfg = XPlatRelease|Any CPU
		{C52268BC-8E37-4824-A57C-482B0027D2D9}.Debug|Any CPU.ActiveCfg = Debug|Any CPU
		{C52268BC-8E37-4824-A57C-482B0027D2D9}.Debug|Any CPU.Build.0 = Debug|Any CPU
		{C52268BC-8E37-4824-A57C-482B0027D2D9}.Release|Any CPU.ActiveCfg = Release|Any CPU
		{C52268BC-8E37-4824-A57C-482B0027D2D9}.Release|Any CPU.Build.0 = Release|Any CPU
		{C52268BC-8E37-4824-A57C-482B0027D2D9}.XPlat|Any CPU.ActiveCfg = XPlat|Any CPU
		{C52268BC-8E37-4824-A57C-482B0027D2D9}.XPlat|Any CPU.Build.0 = XPlat|Any CPU
		{C52268BC-8E37-4824-A57C-482B0027D2D9}.XPlatRelease|Any CPU.ActiveCfg = XPlatRelease|Any CPU
		{C52268BC-8E37-4824-A57C-482B0027D2D9}.XPlatRelease|Any CPU.Build.0 = XPlatRelease|Any CPU
		{FD5B4B8D-1828-4A06-AD92-384D5426947C}.Debug|Any CPU.ActiveCfg = Debug|Any CPU
		{FD5B4B8D-1828-4A06-AD92-384D5426947C}.Debug|Any CPU.Build.0 = Debug|Any CPU
		{FD5B4B8D-1828-4A06-AD92-384D5426947C}.Release|Any CPU.ActiveCfg = Release|Any CPU
		{FD5B4B8D-1828-4A06-AD92-384D5426947C}.Release|Any CPU.Build.0 = Release|Any CPU
		{FD5B4B8D-1828-4A06-AD92-384D5426947C}.XPlat|Any CPU.ActiveCfg = XPlat|Any CPU
		{FD5B4B8D-1828-4A06-AD92-384D5426947C}.XPlat|Any CPU.Build.0 = XPlat|Any CPU
		{FD5B4B8D-1828-4A06-AD92-384D5426947C}.XPlatRelease|Any CPU.ActiveCfg = XPlatRelease|Any CPU
		{FD5B4B8D-1828-4A06-AD92-384D5426947C}.XPlatRelease|Any CPU.Build.0 = XPlatRelease|Any CPU
		{D78CCAD4-9849-4BF5-AA49-7071B7CD6204}.Debug|Any CPU.ActiveCfg = Debug|Any CPU
		{D78CCAD4-9849-4BF5-AA49-7071B7CD6204}.Debug|Any CPU.Build.0 = Debug|Any CPU
		{D78CCAD4-9849-4BF5-AA49-7071B7CD6204}.Release|Any CPU.ActiveCfg = Release|Any CPU
		{D78CCAD4-9849-4BF5-AA49-7071B7CD6204}.Release|Any CPU.Build.0 = Release|Any CPU
		{D78CCAD4-9849-4BF5-AA49-7071B7CD6204}.XPlat|Any CPU.ActiveCfg = XPlat|Any CPU
		{D78CCAD4-9849-4BF5-AA49-7071B7CD6204}.XPlat|Any CPU.Build.0 = XPlat|Any CPU
		{D78CCAD4-9849-4BF5-AA49-7071B7CD6204}.XPlatRelease|Any CPU.ActiveCfg = XPlatRelease|Any CPU
		{D78CCAD4-9849-4BF5-AA49-7071B7CD6204}.XPlatRelease|Any CPU.Build.0 = XPlatRelease|Any CPU
	EndGlobalSection
	GlobalSection(SolutionProperties) = preSolution
		HideSolutionNode = FALSE
	EndGlobalSection
	GlobalSection(NestedProjects) = preSolution
		{D78CCAD4-9849-4BF5-AA49-7071B7CD6204} = {B486B06E-1B60-4572-B25A-107E4AAF3147}
	EndGlobalSection
	GlobalSection(ExtensibilityGlobals) = postSolution
		SolutionGuid = {F2FDDCC1-4A55-48FC-A111-420952787D16}
	EndGlobalSection
EndGlobal
